
Microsoft Visual Studio Solution File, Format Version 12.00
# Visual Studio Version 17
VisualStudioVersion = 17.9.34321.82
MinimumVisualStudioVersion = 10.0.40219.1
Project("{888888A0-9F3D-457C-B088-3A5042F75D52}") = "ResultTranslator", "ResultTranslator.pyproj", "{7FA9AA17-1078-4D10-9588-0EFE1A559226}"
EndProject
Project("{FAE04EC0-301F-11D3-BF4B-00C04F79EFBC}") = "VR-Processor", "..\VR-Processor\VR-Processor.csproj", "{89DE76A0-0ECD-4F33-9179-B5A60EA19D6F}"
EndProject
Global
	GlobalSection(SolutionConfigurationPlatforms) = preSolution
		Debug|Any CPU = Debug|Any CPU
		Release|Any CPU = Release|Any CPU
	EndGlobalSection
	GlobalSection(ProjectConfigurationPlatforms) = postSolution
		{7FA9AA17-1078-4D10-9588-0EFE1A559226}.Debug|Any CPU.ActiveCfg = Debug|Any CPU
		{7FA9AA17-1078-4D10-9588-0EFE1A559226}.Release|Any CPU.ActiveCfg = Release|Any CPU
		{89DE76A0-0ECD-4F33-9179-B5A60EA19D6F}.Debug|Any CPU.ActiveCfg = Debug|Any CPU
		{89DE76A0-0ECD-4F33-9179-B5A60EA19D6F}.Debug|Any CPU.Build.0 = Debug|Any CPU
		{89DE76A0-0ECD-4F33-9179-B5A60EA19D6F}.Release|Any CPU.ActiveCfg = Release|Any CPU
		{89DE76A0-0ECD-4F33-9179-B5A60EA19D6F}.Release|Any CPU.Build.0 = Release|Any CPU
	EndGlobalSection
	GlobalSection(SolutionProperties) = preSolution
		HideSolutionNode = FALSE
	EndGlobalSection
	GlobalSection(ExtensibilityGlobals) = postSolution
		SolutionGuid = {24FB0B0E-A897-4A0E-92EB-3CE0686E24F6}
	EndGlobalSection
EndGlobal
